lockfileVersion: '9.0'

settings:
  autoInstallPeers: true
  excludeLinksFromLockfile: false

importers:

  .:
    devDependencies:
      '@tsconfig/recommended':
        specifier: ^1.0.8
        version: 1.0.8

packages:

  '@tsconfig/recommended@1.0.8':
    resolution: {integrity: sha512-TotjFaaXveVUdsrXCdalyF6E5RyG6+7hHHQVZonQtdlk1rJZ1myDIvPUUKPhoYv+JAzThb2lQJh9+9ZfF46hsA==}

snapshots:

  '@tsconfig/recommended@1.0.8': {}
